
Microsoft Visual Studio Solution File, Format Version 12.00
# Visual Studio 2012
Project("{FAE04EC0-301F-11D3-BF4B-00C04F79EFBC}") = "NumberSequence", "NumberSequence\NumberSequence.csproj", "{83F6EE9C-EDB5-4A06-960C-063308E203EC}"
EndProject
Global
	GlobalSection(SolutionConfigurationPlatforms) = preSolution
		Debug|Any CPU = Debug|Any CPU
		Release|Any CPU = Release|Any CPU
	EndGlobalSection
	GlobalSection(ProjectConfigurationPlatforms) = postSolution
		{83F6EE9C-EDB5-4A06-960C-063308E203EC}.Debug|Any CPU.ActiveCfg = Debug|Any CPU
		{83F6EE9C-EDB5-4A06-960C-063308E203EC}.Debug|Any CPU.Build.0 = Debug|Any CPU
		{83F6EE9C-EDB5-4A06-960C-063308E203EC}.Release|Any CPU.ActiveCfg = Release|Any CPU
		{83F6EE9C-EDB5-4A06-960C-063308E203EC}.Release|Any CPU.Build.0 = Release|Any CPU
	EndGlobalSection
	GlobalSection(SolutionProperties) = preSolution
		HideSolutionNode = FALSE
	EndGlobalSection
EndGlobal
